// !$*UTF8*$!
{
	archiveVersion = 1;
	classes = {
	};
	objectVersion = 46;
	objects = {

/* Begin PBXBuildFile section */
		2DF2B82B1C7842C100F19FC6 /* main.m in Sources */ = {isa = PBXBuildFile; fileRef = 2DF2B82A1C7842C100F19FC6 /* main.m */; };
		2DF2B82E1C7842C100F19FC6 /* AppDelegate.m in Sources */ = {isa = PBXBuildFile; fileRef = 2DF2B82D1C7842C100F19FC6 /* AppDelegate.m */; };
		2DF2B8311C7842C100F19FC6 /* ViewController.m in Sources */ = {isa = PBXBuildFile; fileRef = 2DF2B8301C7842C100F19FC6 /* ViewController.m */; };
		2DF2B8341C7842C100F19FC6 /* Main.storyboard in Resources */ = {isa = PBXBuildFile; fileRef = 2DF2B8321C7842C100F19FC6 /* Main.storyboard */; };
		2DF2B8361C7842C100F19FC6 /* Assets.xcassets in Resources */ = {isa = PBXBuildFile; fileRef = 2DF2B8351C7842C100F19FC6 /* Assets.xcassets */; };
		2DF2B8391C7842C100F19FC6 /* LaunchScreen.storyboard in Resources */ = {isa = PBXBuildFile; fileRef = 2DF2B8371C7842C100F19FC6 /* LaunchScreen.storyboard */; };
		2DF2B84C1C78431E00F19FC6 /* YZPullDownMenu.m in Sources */ = {isa = PBXBuildFile; fileRef = 2DF2B8421C78431E00F19FC6 /* YZPullDownMenu.m */; };
		2DF2B84D1C78431E00F19FC6 /* YZPullDownMenu.xib in Resources */ = {isa = PBXBuildFile; fileRef = 2DF2B8431C78431E00F19FC6 /* YZPullDownMenu.xib */; };
		2DF2B8571C78462C00F19FC6 /* XXNibBridge.m in Sources */ = {isa = PBXBuildFile; fileRef = 2DF2B8541C78462C00F19FC6 /* XXNibBridge.m */; };
		2DF2B8581C78462C00F19FC6 /* XXNibConvention.m in Sources */ = {isa = PBXBuildFile; fileRef = 2DF2B8561C78462C00F19FC6 /* XXNibConvention.m */; };
		2DF2B8BA1C78463600F19FC6 /* GCD+LXExtension.m in Sources */ = {isa = PBXBuildFile; fileRef = 2DF2B85D1C78463600F19FC6 /* GCD+LXExtension.m */; };
		2DF2B8BB1C78463600F19FC6 /* NSObject+LXIntrospection.m in Sources */ = {isa = PBXBuildFile; fileRef = 2DF2B8601C78463600F19FC6 /* NSObject+LXIntrospection.m */; };
		2DF2B8BC1C78463600F19FC6 /* NSArray+LXExtension.m in Sources */ = {isa = PBXBuildFile; fileRef = 2DF2B8621C78463600F19FC6 /* NSArray+LXExtension.m */; };
		2DF2B8BD1C78463600F19FC6 /* NSAttributedString+LXExtension.m in Sources */ = {isa = PBXBuildFile; fileRef = 2DF2B8641C78463600F19FC6 /* NSAttributedString+LXExtension.m */; };
		2DF2B8BE1C78463600F19FC6 /* NSBundle+LXExtension.m in Sources */ = {isa = PBXBuildFile; fileRef = 2DF2B8661C78463600F19FC6 /* NSBundle+LXExtension.m */; };
		2DF2B8BF1C78463600F19FC6 /* NSDate+LXExtension.m in Sources */ = {isa = PBXBuildFile; fileRef = 2DF2B8681C78463600F19FC6 /* NSDate+LXExtension.m */; };
		2DF2B8C01C78463600F19FC6 /* NSDictionary+LXExtension.m in Sources */ = {isa = PBXBuildFile; fileRef = 2DF2B86A1C78463600F19FC6 /* NSDictionary+LXExtension.m */; };
		2DF2B8C11C78463600F19FC6 /* NSFileManager+LXExtension.m in Sources */ = {isa = PBXBuildFile; fileRef = 2DF2B86C1C78463600F19FC6 /* NSFileManager+LXExtension.m */; };
		2DF2B8C21C78463600F19FC6 /* NSManagedObjectModel+LXExtension.m in Sources */ = {isa = PBXBuildFile; fileRef = 2DF2B86E1C78463600F19FC6 /* NSManagedObjectModel+LXExtension.m */; };
		2DF2B8C31C78463600F19FC6 /* NSNotificationCenter+LXExtension.m in Sources */ = {isa = PBXBuildFile; fileRef = 2DF2B8701C78463600F19FC6 /* NSNotificationCenter+LXExtension.m */; };
		2DF2B8C41C78463600F19FC6 /* NSObject+LXExtension.m in Sources */ = {isa = PBXBuildFile; fileRef = 2DF2B8721C78463600F19FC6 /* NSObject+LXExtension.m */; };
		2DF2B8C51C78463600F19FC6 /* NSString+LXExtension.m in Sources */ = {isa = PBXBuildFile; fileRef = 2DF2B8741C78463600F19FC6 /* NSString+LXExtension.m */; };
		2DF2B8C61C78463600F19FC6 /* GCD+LXExtension.swift in Sources */ = {isa = PBXBuildFile; fileRef = 2DF2B8761C78463600F19FC6 /* GCD+LXExtension.swift */; };
		2DF2B8C81C78463600F19FC6 /* MBProgressHUD.bundle in Resources */ = {isa = PBXBuildFile; fileRef = 2DF2B87A1C78463600F19FC6 /* MBProgressHUD.bundle */; };
		2DF2B8C91C78463600F19FC6 /* CALayer+LXExtension.m in Sources */ = {isa = PBXBuildFile; fileRef = 2DF2B87D1C78463600F19FC6 /* CALayer+LXExtension.m */; };
		2DF2B8CA1C78463600F19FC6 /* CATransaction+LXExtension.m in Sources */ = {isa = PBXBuildFile; fileRef = 2DF2B87F1C78463600F19FC6 /* CATransaction+LXExtension.m */; };
		2DF2B8CB1C78463600F19FC6 /* CAAnimation+LXExtension.swift in Sources */ = {isa = PBXBuildFile; fileRef = 2DF2B8841C78463600F19FC6 /* CAAnimation+LXExtension.swift */; };
		2DF2B8CC1C78463600F19FC6 /* CALayer+LXExtension.swift in Sources */ = {isa = PBXBuildFile; fileRef = 2DF2B8851C78463600F19FC6 /* CALayer+LXExtension.swift */; };
		2DF2B8CD1C78463600F19FC6 /* CATransaction+LXExtension.swift in Sources */ = {isa = PBXBuildFile; fileRef = 2DF2B8861C78463600F19FC6 /* CATransaction+LXExtension.swift */; };
		2DF2B8CE1C78463600F19FC6 /* CATransform3D+LXExtension.swift in Sources */ = {isa = PBXBuildFile; fileRef = 2DF2B8871C78463600F19FC6 /* CATransform3D+LXExtension.swift */; };
		2DF2B8CF1C78463600F19FC6 /* CGAffineTransform+LXExtension.swift in Sources */ = {isa = PBXBuildFile; fileRef = 2DF2B8881C78463600F19FC6 /* CGAffineTransform+LXExtension.swift */; };
		2DF2B8D01C78463600F19FC6 /* CGGeometry+LXExtension.swift in Sources */ = {isa = PBXBuildFile; fileRef = 2DF2B8891C78463600F19FC6 /* CGGeometry+LXExtension.swift */; };
		2DF2B8D11C78463600F19FC6 /* UIView+LXExtension.swift in Sources */ = {isa = PBXBuildFile; fileRef = 2DF2B88A1C78463600F19FC6 /* UIView+LXExtension.swift */; };
		2DF2B8D21C78463600F19FC6 /* UIApplication+LXExtension.m in Sources */ = {isa = PBXBuildFile; fileRef = 2DF2B88C1C78463600F19FC6 /* UIApplication+LXExtension.m */; };
		2DF2B8D31C78463600F19FC6 /* UIBezierPath+LXExtension.m in Sources */ = {isa = PBXBuildFile; fileRef = 2DF2B88E1C78463600F19FC6 /* UIBezierPath+LXExtension.m */; };
		2DF2B8D41C78463600F19FC6 /* UIButton+LXExtension.m in Sources */ = {isa = PBXBuildFile; fileRef = 2DF2B8901C78463600F19FC6 /* UIButton+LXExtension.m */; };
		2DF2B8D51C78463600F19FC6 /* UIColor+LXExtension.m in Sources */ = {isa = PBXBuildFile; fileRef = 2DF2B8921C78463600F19FC6 /* UIColor+LXExtension.m */; };
		2DF2B8D61C78463600F19FC6 /* UIDevice+LXExtension.m in Sources */ = {isa = PBXBuildFile; fileRef = 2DF2B8941C78463600F19FC6 /* UIDevice+LXExtension.m */; };
		2DF2B8D71C78463600F19FC6 /* UIImage+LXExtension.m in Sources */ = {isa = PBXBuildFile; fileRef = 2DF2B8961C78463600F19FC6 /* UIImage+LXExtension.m */; };
		2DF2B8D81C78463600F19FC6 /* UIScreen+LXExtension.m in Sources */ = {isa = PBXBuildFile; fileRef = 2DF2B8981C78463600F19FC6 /* UIScreen+LXExtension.m */; };
		2DF2B8D91C78463600F19FC6 /* UITextField+LXExtension.m in Sources */ = {isa = PBXBuildFile; fileRef = 2DF2B89A1C78463600F19FC6 /* UITextField+LXExtension.m */; };
		2DF2B8DA1C78463600F19FC6 /* UITextView+LXExtension.m in Sources */ = {isa = PBXBuildFile; fileRef = 2DF2B89C1C78463600F19FC6 /* UITextView+LXExtension.m */; };
		2DF2B8DB1C78463600F19FC6 /* UIView+LXExtension.m in Sources */ = {isa = PBXBuildFile; fileRef = 2DF2B89E1C78463600F19FC6 /* UIView+LXExtension.m */; };
		2DF2B8DC1C78463600F19FC6 /* UIViewController+LXExtension.m in Sources */ = {isa = PBXBuildFile; fileRef = 2DF2B8A01C78463600F19FC6 /* UIViewController+LXExtension.m */; };
		2DF2B8DD1C78463600F19FC6 /* UIWindow+LXExtension.m in Sources */ = {isa = PBXBuildFile; fileRef = 2DF2B8A21C78463600F19FC6 /* UIWindow+LXExtension.m */; };
		2DF2B8DE1C78463600F19FC6 /* LXCoreDataController.m in Sources */ = {isa = PBXBuildFile; fileRef = 2DF2B8A51C78463600F19FC6 /* LXCoreDataController.m */; };
		2DF2B8DF1C78463600F19FC6 /* LXDynamicTypeManager.m in Sources */ = {isa = PBXBuildFile; fileRef = 2DF2B8A71C78463600F19FC6 /* LXDynamicTypeManager.m */; };
		2DF2B8E01C78463600F19FC6 /* LXImagePicker.m in Sources */ = {isa = PBXBuildFile; fileRef = 2DF2B8A91C78463600F19FC6 /* LXImagePicker.m */; };
		2DF2B8E11C78463600F19FC6 /* LXKeyboardSpacingView.m in Sources */ = {isa = PBXBuildFile; fileRef = 2DF2B8AB1C78463600F19FC6 /* LXKeyboardSpacingView.m */; };
		2DF2B8E21C78463600F19FC6 /* LXMigrationManager.m in Sources */ = {isa = PBXBuildFile; fileRef = 2DF2B8AE1C78463600F19FC6 /* LXMigrationManager.m */; };
		2DF2B8E31C78463600F19FC6 /* LXMulticastDelegate.m in Sources */ = {isa = PBXBuildFile; fileRef = 2DF2B8B01C78463600F19FC6 /* LXMulticastDelegate.m */; };
		2DF2B8E41C78463600F19FC6 /* LXTimer.m in Sources */ = {isa = PBXBuildFile; fileRef = 2DF2B8B21C78463600F19FC6 /* LXTimer.m */; };
		2DF2B8E51C78463600F19FC6 /* LXWeakWrapper.m in Sources */ = {isa = PBXBuildFile; fileRef = 2DF2B8B41C78463600F19FC6 /* LXWeakWrapper.m */; };
		2DF2B8E61C78463600F19FC6 /* LXRuntimeUtilities.m in Sources */ = {isa = PBXBuildFile; fileRef = 2DF2B8B71C78463600F19FC6 /* LXRuntimeUtilities.m */; };
		2DF2B8E71C78463600F19FC6 /* LXUtilities.swift in Sources */ = {isa = PBXBuildFile; fileRef = 2DF2B8B81C78463600F19FC6 /* LXUtilities.swift */; };
		2DF2B8EC1C78B31900F19FC6 /* data.plist in Resources */ = {isa = PBXBuildFile; fileRef = 2DF2B8EB1C78B31900F19FC6 /* data.plist */; };
/* End PBXBuildFile section */

/* Begin PBXFileReference section */
		2DF2B8261C7842C000F19FC6 /* YZPullDownMenu_Demo.app */ = {isa = PBXFileReference; explicitFileType = wrapper.application; includeInIndex = 0; path = YZPullDownMenu_Demo.app; sourceTree = BUILT_PRODUCTS_DIR; };
		2DF2B82A1C7842C100F19FC6 /* main.m */ = {isa = PBXFileReference; lastKnownFileType = sourcecode.c.objc; path = main.m; sourceTree = "<group>"; };
		2DF2B82C1C7842C100F19FC6 /* AppDelegate.h */ = {isa = PBXFileReference; lastKnownFileType = sourcecode.c.h; path = AppDelegate.h; sourceTree = "<group>"; };
		2DF2B82D1C7842C100F19FC6 /* AppDelegate.m */ = {isa = PBXFileReference; lastKnownFileType = sourcecode.c.objc; path = AppDelegate.m; sourceTree = "<group>"; };
		2DF2B82F1C7842C100F19FC6 /* ViewController.h */ = {isa = PBXFileReference; lastKnownFileType = sourcecode.c.h; path = ViewController.h; sourceTree = "<group>"; };
		2DF2B8301C7842C100F19FC6 /* ViewController.m */ = {isa = PBXFileReference; lastKnownFileType = sourcecode.c.objc; path = ViewController.m; sourceTree = "<group>"; };
		2DF2B8331C7842C100F19FC6 /* Base */ = {isa = PBXFileReference; lastKnownFileType = file.storyboard; name = Base; path = Base.lproj/Main.storyboard; sourceTree = "<group>"; };
		2DF2B8351C7842C100F19FC6 /* Assets.xcassets */ = {isa = PBXFileReference; lastKnownFileType = folder.assetcatalog; path = Assets.xcassets; sourceTree = "<group>"; };
		2DF2B8381C7842C100F19FC6 /* Base */ = {isa = PBXFileReference; lastKnownFileType = file.storyboard; name = Base; path = Base.lproj/LaunchScreen.storyboard; sourceTree = "<group>"; };
		2DF2B83A1C7842C100F19FC6 /* Info.plist */ = {isa = PBXFileReference; lastKnownFileType = text.plist.xml; path = Info.plist; sourceTree = "<group>"; };
		2DF2B8411C78431E00F19FC6 /* YZPullDownMenu.h */ = {isa = PBXFileReference; fileEncoding = 4; lastKnownFileType = sourcecode.c.h; path = YZPullDownMenu.h; sourceTree = "<group>"; };
		2DF2B8421C78431E00F19FC6 /* YZPullDownMenu.m */ = {isa = PBXFileReference; fileEncoding = 4; lastKnownFileType = sourcecode.c.objc; path = YZPullDownMenu.m; sourceTree = "<group>"; };
		2DF2B8431C78431E00F19FC6 /* YZPullDownMenu.xib */ = {isa = PBXFileReference; fileEncoding = 4; lastKnownFileType = file.xib; path = YZPullDownMenu.xib; sourceTree = "<group>"; };
		2DF2B8531C78462C00F19FC6 /* XXNibBridge.h */ = {isa = PBXFileReference; fileEncoding = 4; lastKnownFileType = sourcecode.c.h; path = XXNibBridge.h; sourceTree = "<group>"; };
		2DF2B8541C78462C00F19FC6 /* XXNibBridge.m */ = {isa = PBXFileReference; fileEncoding = 4; lastKnownFileType = sourcecode.c.objc; path = XXNibBridge.m; sourceTree = "<group>"; };
		2DF2B8551C78462C00F19FC6 /* XXNibConvention.h */ = {isa = PBXFileReference; fileEncoding = 4; lastKnownFileType = sourcecode.c.h; path = XXNibConvention.h; sourceTree = "<group>"; };
		2DF2B8561C78462C00F19FC6 /* XXNibConvention.m */ = {isa = PBXFileReference; fileEncoding = 4; lastKnownFileType = sourcecode.c.objc; path = XXNibConvention.m; sourceTree = "<group>"; };
		2DF2B85C1C78463600F19FC6 /* GCD+LXExtension.h */ = {isa = PBXFileReference; fileEncoding = 4; lastKnownFileType = sourcecode.c.h; path = "GCD+LXExtension.h"; sourceTree = "<group>"; };
		2DF2B85D1C78463600F19FC6 /* GCD+LXExtension.m */ = {isa = PBXFileReference; fileEncoding = 4; lastKnownFileType = sourcecode.c.objc; path = "GCD+LXExtension.m"; sourceTree = "<group>"; };
		2DF2B85F1C78463600F19FC6 /* NSObject+LXIntrospection.h */ = {isa = PBXFileReference; fileEncoding = 4; lastKnownFileType = sourcecode.c.h; path = "NSObject+LXIntrospection.h"; sourceTree = "<group>"; };
		2DF2B8601C78463600F19FC6 /* NSObject+LXIntrospection.m */ = {isa = PBXFileReference; fileEncoding = 4; lastKnownFileType = sourcecode.c.objc; path = "NSObject+LXIntrospection.m"; sourceTree = "<group>"; };
		2DF2B8611C78463600F19FC6 /* NSArray+LXExtension.h */ = {isa = PBXFileReference; fileEncoding = 4; lastKnownFileType = sourcecode.c.h; path = "NSArray+LXExtension.h"; sourceTree = "<group>"; };
		2DF2B8621C78463600F19FC6 /* NSArray+LXExtension.m */ = {isa = PBXFileReference; fileEncoding = 4; lastKnownFileType = sourcecode.c.objc; path = "NSArray+LXExtension.m"; sourceTree = "<group>"; };
		2DF2B8631C78463600F19FC6 /* NSAttributedString+LXExtension.h */ = {isa = PBXFileReference; fileEncoding = 4; lastKnownFileType = sourcecode.c.h; path = "NSAttributedString+LXExtension.h"; sourceTree = "<group>"; };
		2DF2B8641C78463600F19FC6 /* NSAttributedString+LXExtension.m */ = {isa = PBXFileReference; fileEncoding = 4; lastKnownFileType = sourcecode.c.objc; path = "NSAttributedString+LXExtension.m"; sourceTree = "<group>"; };
		2DF2B8651C78463600F19FC6 /* NSBundle+LXExtension.h */ = {isa = PBXFileReference; fileEncoding = 4; lastKnownFileType = sourcecode.c.h; path = "NSBundle+LXExtension.h"; sourceTree = "<group>"; };
		2DF2B8661C78463600F19FC6 /* NSBundle+LXExtension.m */ = {isa = PBXFileReference; fileEncoding = 4; lastKnownFileType = sourcecode.c.objc; path = "NSBundle+LXExtension.m"; sourceTree = "<group>"; };
		2DF2B8671C78463600F19FC6 /* NSDate+LXExtension.h */ = {isa = PBXFileReference; fileEncoding = 4; lastKnownFileType = sourcecode.c.h; path = "NSDate+LXExtension.h"; sourceTree = "<group>"; };
		2DF2B8681C78463600F19FC6 /* NSDate+LXExtension.m */ = {isa = PBXFileReference; fileEncoding = 4; lastKnownFileType = sourcecode.c.objc; path = "NSDate+LXExtension.m"; sourceTree = "<group>"; };
		2DF2B8691C78463600F19FC6 /* NSDictionary+LXExtension.h */ = {isa = PBXFileReference; fileEncoding = 4; lastKnownFileType = sourcecode.c.h; path = "NSDictionary+LXExtension.h"; sourceTree = "<group>"; };
		2DF2B86A1C78463600F19FC6 /* NSDictionary+LXExtension.m */ = {isa = PBXFileReference; fileEncoding = 4; lastKnownFileType = sourcecode.c.objc; path = "NSDictionary+LXExtension.m"; sourceTree = "<group>"; };
		2DF2B86B1C78463600F19FC6 /* NSFileManager+LXExtension.h */ = {isa = PBXFileReference; fileEncoding = 4; lastKnownFileType = sourcecode.c.h; path = "NSFileManager+LXExtension.h"; sourceTree = "<group>"; };
		2DF2B86C1C78463600F19FC6 /* NSFileManager+LXExtension.m */ = {isa = PBXFileReference; fileEncoding = 4; lastKnownFileType = sourcecode.c.objc; path = "NSFileManager+LXExtension.m"; sourceTree = "<group>"; };
		2DF2B86D1C78463600F19FC6 /* NSManagedObjectModel+LXExtension.h */ = {isa = PBXFileReference; fileEncoding = 4; lastKnownFileType = sourcecode.c.h; path = "NSManagedObjectModel+LXExtension.h"; sourceTree = "<group>"; };
		2DF2B86E1C78463600F19FC6 /* NSManagedObjectModel+LXExtension.m */ = {isa = PBXFileReference; fileEncoding = 4; lastKnownFileType = sourcecode.c.objc; path = "NSManagedObjectModel+LXExtension.m"; sourceTree = "<group>"; };
		2DF2B86F1C78463600F19FC6 /* NSNotificationCenter+LXExtension.h */ = {isa = PBXFileReference; fileEncoding = 4; lastKnownFileType = sourcecode.c.h; path = "NSNotificationCenter+LXExtension.h"; sourceTree = "<group>"; };
		2DF2B8701C78463600F19FC6 /* NSNotificationCenter+LXExtension.m */ = {isa = PBXFileReference; fileEncoding = 4; lastKnownFileType = sourcecode.c.objc; path = "NSNotificationCenter+LXExtension.m"; sourceTree = "<group>"; };
		2DF2B8711C78463600F19FC6 /* NSObject+LXExtension.h */ = {isa = PBXFileReference; fileEncoding = 4; lastKnownFileType = sourcecode.c.h; path = "NSObject+LXExtension.h"; sourceTree = "<group>"; };
		2DF2B8721C78463600F19FC6 /* NSObject+LXExtension.m */ = {isa = PBXFileReference; fileEncoding = 4; lastKnownFileType = sourcecode.c.objc; path = "NSObject+LXExtension.m"; sourceTree = "<group>"; };
		2DF2B8731C78463600F19FC6 /* NSString+LXExtension.h */ = {isa = PBXFileReference; fileEncoding = 4; lastKnownFileType = sourcecode.c.h; path = "NSString+LXExtension.h"; sourceTree = "<group>"; };
		2DF2B8741C78463600F19FC6 /* NSString+LXExtension.m */ = {isa = PBXFileReference; fileEncoding = 4; lastKnownFileType = sourcecode.c.objc; path = "NSString+LXExtension.m"; sourceTree = "<group>"; };
		2DF2B8761C78463600F19FC6 /* GCD+LXExtension.swift */ = {isa = PBXFileReference; fileEncoding = 4; lastKnownFileType = sourcecode.swift; path = "GCD+LXExtension.swift"; sourceTree = "<group>"; };
		2DF2B8781C78463600F19FC6 /* MBProgressHUD+LXExtension.h */ = {isa = PBXFileReference; fileEncoding = 4; lastKnownFileType = sourcecode.c.h; path = "MBProgressHUD+LXExtension.h"; sourceTree = "<group>"; };
		2DF2B8791C78463600F19FC6 /* MBProgressHUD+LXExtension.m */ = {isa = PBXFileReference; fileEncoding = 4; lastKnownFileType = sourcecode.c.objc; path = "MBProgressHUD+LXExtension.m"; sourceTree = "<group>"; };
		2DF2B87A1C78463600F19FC6 /* MBProgressHUD.bundle */ = {isa = PBXFileReference; lastKnownFileType = "wrapper.plug-in"; path = MBProgressHUD.bundle; sourceTree = "<group>"; };
		2DF2B87C1C78463600F19FC6 /* CALayer+LXExtension.h */ = {isa = PBXFileReference; fileEncoding = 4; lastKnownFileType = sourcecode.c.h; path = "CALayer+LXExtension.h"; sourceTree = "<group>"; };
		2DF2B87D1C78463600F19FC6 /* CALayer+LXExtension.m */ = {isa = PBXFileReference; fileEncoding = 4; lastKnownFileType = sourcecode.c.objc; path = "CALayer+LXExtension.m"; sourceTree = "<group>"; };
		2DF2B87E1C78463600F19FC6 /* CATransaction+LXExtension.h */ = {isa = PBXFileReference; fileEncoding = 4; lastKnownFileType = sourcecode.c.h; path = "CATransaction+LXExtension.h"; sourceTree = "<group>"; };
		2DF2B87F1C78463600F19FC6 /* CATransaction+LXExtension.m */ = {isa = PBXFileReference; fileEncoding = 4; lastKnownFileType = sourcecode.c.objc; path = "CATransaction+LXExtension.m"; sourceTree = "<group>"; };
		2DF2B8801C78463600F19FC6 /* CGAffineTransform+LXExtension.h */ = {isa = PBXFileReference; fileEncoding = 4; lastKnownFileType = sourcecode.c.h; path = "CGAffineTransform+LXExtension.h"; sourceTree = "<group>"; };
		2DF2B8811C78463600F19FC6 /* CGGeometry+LXExtension.h */ = {isa = PBXFileReference; fileEncoding = 4; lastKnownFileType = sourcecode.c.h; path = "CGGeometry+LXExtension.h"; sourceTree = "<group>"; };
		2DF2B8821C78463600F19FC6 /* MKGeometry+LXExtension.h */ = {isa = PBXFileReference; fileEncoding = 4; lastKnownFileType = sourcecode.c.h; path = "MKGeometry+LXExtension.h"; sourceTree = "<group>"; };
		2DF2B8841C78463600F19FC6 /* CAAnimation+LXExtension.swift */ = {isa = PBXFileReference; fileEncoding = 4; lastKnownFileType = sourcecode.swift; path = "CAAnimation+LXExtension.swift"; sourceTree = "<group>"; };
		2DF2B8851C78463600F19FC6 /* CALayer+LXExtension.swift */ = {isa = PBXFileReference; fileEncoding = 4; lastKnownFileType = sourcecode.swift; path = "CALayer+LXExtension.swift"; sourceTree = "<group>"; };
		2DF2B8861C78463600F19FC6 /* CATransaction+LXExtension.swift */ = {isa = PBXFileReference; fileEncoding = 4; lastKnownFileType = sourcecode.swift; path = "CATransaction+LXExtension.swift"; sourceTree = "<group>"; };
		2DF2B8871C78463600F19FC6 /* CATransform3D+LXExtension.swift */ = {isa = PBXFileReference; fileEncoding = 4; lastKnownFileType = sourcecode.swift; path = "CATransform3D+LXExtension.swift"; sourceTree = "<group>"; };
		2DF2B8881C78463600F19FC6 /* CGAffineTransform+LXExtension.swift */ = {isa = PBXFileReference; fileEncoding = 4; lastKnownFileType = sourcecode.swift; path = "CGAffineTransform+LXExtension.swift"; sourceTree = "<group>"; };
		2DF2B8891C78463600F19FC6 /* CGGeometry+LXExtension.swift */ = {isa = PBXFileReference; fileEncoding = 4; lastKnownFileType = sourcecode.swift; path = "CGGeometry+LXExtension.swift"; sourceTree = "<group>"; };
		2DF2B88A1C78463600F19FC6 /* UIView+LXExtension.swift */ = {isa = PBXFileReference; fileEncoding = 4; lastKnownFileType = sourcecode.swift; path = "UIView+LXExtension.swift"; sourceTree = "<group>"; };
		2DF2B88B1C78463600F19FC6 /* UIApplication+LXExtension.h */ = {isa = PBXFileReference; fileEncoding = 4; lastKnownFileType = sourcecode.c.h; path = "UIApplication+LXExtension.h"; sourceTree = "<group>"; };
		2DF2B88C1C78463600F19FC6 /* UIApplication+LXExtension.m */ = {isa = PBXFileReference; fileEncoding = 4; lastKnownFileType = sourcecode.c.objc; path = "UIApplication+LXExtension.m"; sourceTree = "<group>"; };
		2DF2B88D1C78463600F19FC6 /* UIBezierPath+LXExtension.h */ = {isa = PBXFileReference; fileEncoding = 4; lastKnownFileType = sourcecode.c.h; path = "UIBezierPath+LXExtension.h"; sourceTree = "<group>"; };
		2DF2B88E1C78463600F19FC6 /* UIBezierPath+LXExtension.m */ = {isa = PBXFileReference; fileEncoding = 4; lastKnownFileType = sourcecode.c.objc; path = "UIBezierPath+LXExtension.m"; sourceTree = "<group>"; };
		2DF2B88F1C78463600F19FC6 /* UIButton+LXExtension.h */ = {isa = PBXFileReference; fileEncoding = 4; lastKnownFileType = sourcecode.c.h; path = "UIButton+LXExtension.h"; sourceTree = "<group>"; };
		2DF2B8901C78463600F19FC6 /* UIButton+LXExtension.m */ = {isa = PBXFileReference; fileEncoding = 4; lastKnownFileType = sourcecode.c.objc; path = "UIButton+LXExtension.m"; sourceTree = "<group>"; };
		2DF2B8911C78463600F19FC6 /* UIColor+LXExtension.h */ = {isa = PBXFileReference; fileEncoding = 4; lastKnownFileType = sourcecode.c.h; path = "UIColor+LXExtension.h"; sourceTree = "<group>"; };
		2DF2B8921C78463600F19FC6 /* UIColor+LXExtension.m */ = {isa = PBXFileReference; fileEncoding = 4; lastKnownFileType = sourcecode.c.objc; path = "UIColor+LXExtension.m"; sourceTree = "<group>"; };
		2DF2B8931C78463600F19FC6 /* UIDevice+LXExtension.h */ = {isa = PBXFileReference; fileEncoding = 4; lastKnownFileType = sourcecode.c.h; path = "UIDevice+LXExtension.h"; sourceTree = "<group>"; };
		2DF2B8941C78463600F19FC6 /* UIDevice+LXExtension.m */ = {isa = PBXFileReference; fileEncoding = 4; lastKnownFileType = sourcecode.c.objc; path = "UIDevice+LXExtension.m"; sourceTree = "<group>"; };
		2DF2B8951C78463600F19FC6 /* UIImage+LXExtension.h */ = {isa = PBXFileReference; fileEncoding = 4; lastKnownFileType = sourcecode.c.h; path = "UIImage+LXExtension.h"; sourceTree = "<group>"; };
		2DF2B8961C78463600F19FC6 /* UIImage+LXExtension.m */ = {isa = PBXFileReference; fileEncoding = 4; lastKnownFileType = sourcecode.c.objc; path = "UIImage+LXExtension.m"; sourceTree = "<group>"; };
		2DF2B8971C78463600F19FC6 /* UIScreen+LXExtension.h */ = {isa = PBXFileReference; fileEncoding = 4; lastKnownFileType = sourcecode.c.h; path = "UIScreen+LXExtension.h"; sourceTree = "<group>"; };
		2DF2B8981C78463600F19FC6 /* UIScreen+LXExtension.m */ = {isa = PBXFileReference; fileEncoding = 4; lastKnownFileType = sourcecode.c.objc; path = "UIScreen+LXExtension.m"; sourceTree = "<group>"; };
		2DF2B8991C78463600F19FC6 /* UITextField+LXExtension.h */ = {isa = PBXFileReference; fileEncoding = 4; lastKnownFileType = sourcecode.c.h; path = "UITextField+LXExtension.h"; sourceTree = "<group>"; };
		2DF2B89A1C78463600F19FC6 /* UITextField+LXExtension.m */ = {isa = PBXFileReference; fileEncoding = 4; lastKnownFileType = sourcecode.c.objc; path = "UITextField+LXExtension.m"; sourceTree = "<group>"; };
		2DF2B89B1C78463600F19FC6 /* UITextView+LXExtension.h */ = {isa = PBXFileReference; fileEncoding = 4; lastKnownFileType = sourcecode.c.h; path = "UITextView+LXExtension.h"; sourceTree = "<group>"; };
		2DF2B89C1C78463600F19FC6 /* UITextView+LXExtension.m */ = {isa = PBXFileReference; fileEncoding = 4; lastKnownFileType = sourcecode.c.objc; path = "UITextView+LXExtension.m"; sourceTree = "<group>"; };
		2DF2B89D1C78463600F19FC6 /* UIView+LXExtension.h */ = {isa = PBXFileReference; fileEncoding = 4; lastKnownFileType = sourcecode.c.h; path = "UIView+LXExtension.h"; sourceTree = "<group>"; };
		2DF2B89E1C78463600F19FC6 /* UIView+LXExtension.m */ = {isa = PBXFileReference; fileEncoding = 4; lastKnownFileType = sourcecode.c.objc; path = "UIView+LXExtension.m"; sourceTree = "<group>"; };
		2DF2B89F1C78463600F19FC6 /* UIViewController+LXExtension.h */ = {isa = PBXFileReference; fileEncoding = 4; lastKnownFileType = sourcecode.c.h; path = "UIViewController+LXExtension.h"; sourceTree = "<group>"; };
		2DF2B8A01C78463600F19FC6 /* UIViewController+LXExtension.m */ = {isa = PBXFileReference; fileEncoding = 4; lastKnownFileType = sourcecode.c.objc; path = "UIViewController+LXExtension.m"; sourceTree = "<group>"; };
		2DF2B8A11C78463600F19FC6 /* UIWindow+LXExtension.h */ = {isa = PBXFileReference; fileEncoding = 4; lastKnownFileType = sourcecode.c.h; path = "UIWindow+LXExtension.h"; sourceTree = "<group>"; };
		2DF2B8A21C78463600F19FC6 /* UIWindow+LXExtension.m */ = {isa = PBXFileReference; fileEncoding = 4; lastKnownFileType = sourcecode.c.objc; path = "UIWindow+LXExtension.m"; sourceTree = "<group>"; };
		2DF2B8A41C78463600F19FC6 /* LXCoreDataController.h */ = {isa = PBXFileReference; fileEncoding = 4; lastKnownFileType = sourcecode.c.h; path = LXCoreDataController.h; sourceTree = "<group>"; };
		2DF2B8A51C78463600F19FC6 /* LXCoreDataController.m */ = {isa = PBXFileReference; fileEncoding = 4; lastKnownFileType = sourcecode.c.objc; path = LXCoreDataController.m; sourceTree = "<group>"; };
		2DF2B8A61C78463600F19FC6 /* LXDynamicTypeManager.h */ = {isa = PBXFileReference; fileEncoding = 4; lastKnownFileType = sourcecode.c.h; path = LXDynamicTypeManager.h; sourceTree = "<group>"; };
		2DF2B8A71C78463600F19FC6 /* LXDynamicTypeManager.m */ = {isa = PBXFileReference; fileEncoding = 4; lastKnownFileType = sourcecode.c.objc; path = LXDynamicTypeManager.m; sourceTree = "<group>"; };
		2DF2B8A81C78463600F19FC6 /* LXImagePicker.h */ = {isa = PBXFileReference; fileEncoding = 4; lastKnownFileType = sourcecode.c.h; path = LXImagePicker.h; sourceTree = "<group>"; };
		2DF2B8A91C78463600F19FC6 /* LXImagePicker.m */ = {isa = PBXFileReference; fileEncoding = 4; lastKnownFileType = sourcecode.c.objc; path = LXImagePicker.m; sourceTree = "<group>"; };
		2DF2B8AA1C78463600F19FC6 /* LXKeyboardSpacingView.h */ = {isa = PBXFileReference; fileEncoding = 4; lastKnownFileType = sourcecode.c.h; path = LXKeyboardSpacingView.h; sourceTree = "<group>"; };
		2DF2B8AB1C78463600F19FC6 /* LXKeyboardSpacingView.m */ = {isa = PBXFileReference; fileEncoding = 4; lastKnownFileType = sourcecode.c.objc; path = LXKeyboardSpacingView.m; sourceTree = "<group>"; };
		2DF2B8AC1C78463600F19FC6 /* LXMacro.h */ = {isa = PBXFileReference; fileEncoding = 4; lastKnownFileType = sourcecode.c.h; path = LXMacro.h; sourceTree = "<group>"; };
		2DF2B8AD1C78463600F19FC6 /* LXMigrationManager.h */ = {isa = PBXFileReference; fileEncoding = 4; lastKnownFileType = sourcecode.c.h; path = LXMigrationManager.h; sourceTree = "<group>"; };
		2DF2B8AE1C78463600F19FC6 /* LXMigrationManager.m */ = {isa = PBXFileReference; fileEncoding = 4; lastKnownFileType = sourcecode.c.objc; path = LXMigrationManager.m; sourceTree = "<group>"; };
		2DF2B8AF1C78463600F19FC6 /* LXMulticastDelegate.h */ = {isa = PBXFileReference; fileEncoding = 4; lastKnownFileType = sourcecode.c.h; path = LXMulticastDelegate.h; sourceTree = "<group>"; };
		2DF2B8B01C78463600F19FC6 /* LXMulticastDelegate.m */ = {isa = PBXFileReference; fileEncoding = 4; lastKnownFileType = sourcecode.c.objc; path = LXMulticastDelegate.m; sourceTree = "<group>"; };
		2DF2B8B11C78463600F19FC6 /* LXTimer.h */ = {isa = PBXFileReference; fileEncoding = 4; lastKnownFileType = sourcecode.c.h; path = LXTimer.h; sourceTree = "<group>"; };
		2DF2B8B21C78463600F19FC6 /* LXTimer.m */ = {isa = PBXFileReference; fileEncoding = 4; lastKnownFileType = sourcecode.c.objc; path = LXTimer.m; sourceTree = "<group>"; };
		2DF2B8B31C78463600F19FC6 /* LXWeakWrapper.h */ = {isa = PBXFileReference; fileEncoding = 4; lastKnownFileType = sourcecode.c.h; path = LXWeakWrapper.h; sourceTree = "<group>"; };
		2DF2B8B41C78463600F19FC6 /* LXWeakWrapper.m */ = {isa = PBXFileReference; fileEncoding = 4; lastKnownFileType = sourcecode.c.objc; path = LXWeakWrapper.m; sourceTree = "<group>"; };
		2DF2B8B61C78463600F19FC6 /* LXRuntimeUtilities.h */ = {isa = PBXFileReference; fileEncoding = 4; lastKnownFileType = sourcecode.c.h; path = LXRuntimeUtilities.h; sourceTree = "<group>"; };
		2DF2B8B71C78463600F19FC6 /* LXRuntimeUtilities.m */ = {isa = PBXFileReference; fileEncoding = 4; lastKnownFileType = sourcecode.c.objc; path = LXRuntimeUtilities.m; sourceTree = "<group>"; };
		2DF2B8B81C78463600F19FC6 /* LXUtilities.swift */ = {isa = PBXFileReference; fileEncoding = 4; lastKnownFileType = sourcecode.swift; path = LXUtilities.swift; sourceTree = "<group>"; };
		2DF2B8B91C78463600F19FC6 /* LXUtilities.h */ = {isa = PBXFileReference; fileEncoding = 4; lastKnownFileType = sourcecode.c.h; path = LXUtilities.h; sourceTree = "<group>"; };
		2DF2B8EB1C78B31900F19FC6 /* data.plist */ = {isa = PBXFileReference; fileEncoding = 4; lastKnownFileType = text.plist.xml; path = data.plist; sourceTree = "<group>"; };
/* End PBXFileReference section */

/* Begin PBXFrameworksBuildPhase section */
		2DF2B8231C7842C000F19FC6 /* Frameworks */ = {
			isa = PBXFrameworksBuildPhase;
			buildActionMask = 2147483647;
			files = (
			);
			runOnlyForDeploymentPostprocessing = 0;
		};
/* End PBXFrameworksBuildPhase section */

/* Begin PBXGroup section */
		2DF2B81D1C7842C000F19FC6 = {
			isa = PBXGroup;
			children = (
				2DF2B8591C78463600F19FC6 /* LXUtilities */,
				2DF2B8521C78462C00F19FC6 /* XXNibBridge */,
				2DF2B8401C78431E00F19FC6 /* YZPullDownMenu */,
				2DF2B8281C7842C000F19FC6 /* YZPullDownMenu_Demo */,
				2DF2B8271C7842C000F19FC6 /* Products */,
			);
			sourceTree = "<group>";
		};
		2DF2B8271C7842C000F19FC6 /* Products */ = {
			isa = PBXGroup;
			children = (
				2DF2B8261C7842C000F19FC6 /* YZPullDownMenu_Demo.app */,
			);
			name = Products;
			sourceTree = "<group>";
		};
		2DF2B8281C7842C000F19FC6 /* YZPullDownMenu_Demo */ = {
			isa = PBXGroup;
			children = (
				2DF2B82C1C7842C100F19FC6 /* AppDelegate.h */,
				2DF2B82D1C7842C100F19FC6 /* AppDelegate.m */,
				2DF2B82F1C7842C100F19FC6 /* ViewController.h */,
				2DF2B8301C7842C100F19FC6 /* ViewController.m */,
				2DF2B8321C7842C100F19FC6 /* Main.storyboard */,
				2DF2B8351C7842C100F19FC6 /* Assets.xcassets */,
				2DF2B8371C7842C100F19FC6 /* LaunchScreen.storyboard */,
				2DF2B83A1C7842C100F19FC6 /* Info.plist */,
				2DF2B8EB1C78B31900F19FC6 /* data.plist */,
				2DF2B8291C7842C000F19FC6 /* Supporting Files */,
			);
			path = YZPullDownMenu_Demo;
			sourceTree = "<group>";
		};
		2DF2B8291C7842C000F19FC6 /* Supporting Files */ = {
			isa = PBXGroup;
			children = (
				2DF2B82A1C7842C100F19FC6 /* main.m */,
			);
			name = "Supporting Files";
			sourceTree = "<group>";
		};
		2DF2B8401C78431E00F19FC6 /* YZPullDownMenu */ = {
			isa = PBXGroup;
			children = (
				2DF2B8411C78431E00F19FC6 /* YZPullDownMenu.h */,
				2DF2B8421C78431E00F19FC6 /* YZPullDownMenu.m */,
				2DF2B8431C78431E00F19FC6 /* YZPullDownMenu.xib */,
			);
			path = YZPullDownMenu;
			sourceTree = "<group>";
		};
		2DF2B8521C78462C00F19FC6 /* XXNibBridge */ = {
			isa = PBXGroup;
			children = (
				2DF2B8531C78462C00F19FC6 /* XXNibBridge.h */,
				2DF2B8541C78462C00F19FC6 /* XXNibBridge.m */,
				2DF2B8551C78462C00F19FC6 /* XXNibConvention.h */,
				2DF2B8561C78462C00F19FC6 /* XXNibConvention.m */,
			);
			path = XXNibBridge;
			sourceTree = "<group>";
		};
		2DF2B8591C78463600F19FC6 /* LXUtilities */ = {
			isa = PBXGroup;
			children = (
				2DF2B85A1C78463600F19FC6 /* LXExtension */,
				2DF2B8A31C78463600F19FC6 /* LXOther */,
				2DF2B8B51C78463600F19FC6 /* LXUtilities */,
				2DF2B8B91C78463600F19FC6 /* LXUtilities.h */,
			);
			path = LXUtilities;
			sourceTree = "<group>";
		};
		2DF2B85A1C78463600F19FC6 /* LXExtension */ = {
			isa = PBXGroup;
			children = (
				2DF2B85B1C78463600F19FC6 /* Foundation+LXExtension */,
				2DF2B8771C78463600F19FC6 /* MBProgressHUD+LXExtension */,
				2DF2B87B1C78463600F19FC6 /* UIKit+LXExtension */,
			);
			path = LXExtension;
			sourceTree = "<group>";
		};
		2DF2B85B1C78463600F19FC6 /* Foundation+LXExtension */ = {
			isa = PBXGroup;
			children = (
				2DF2B85C1C78463600F19FC6 /* GCD+LXExtension.h */,
				2DF2B85D1C78463600F19FC6 /* GCD+LXExtension.m */,
				2DF2B85E1C78463600F19FC6 /* LXIntrospection */,
				2DF2B8611C78463600F19FC6 /* NSArray+LXExtension.h */,
				2DF2B8621C78463600F19FC6 /* NSArray+LXExtension.m */,
				2DF2B8631C78463600F19FC6 /* NSAttributedString+LXExtension.h */,
				2DF2B8641C78463600F19FC6 /* NSAttributedString+LXExtension.m */,
				2DF2B8651C78463600F19FC6 /* NSBundle+LXExtension.h */,
				2DF2B8661C78463600F19FC6 /* NSBundle+LXExtension.m */,
				2DF2B8671C78463600F19FC6 /* NSDate+LXExtension.h */,
				2DF2B8681C78463600F19FC6 /* NSDate+LXExtension.m */,
				2DF2B8691C78463600F19FC6 /* NSDictionary+LXExtension.h */,
				2DF2B86A1C78463600F19FC6 /* NSDictionary+LXExtension.m */,
				2DF2B86B1C78463600F19FC6 /* NSFileManager+LXExtension.h */,
				2DF2B86C1C78463600F19FC6 /* NSFileManager+LXExtension.m */,
				2DF2B86D1C78463600F19FC6 /* NSManagedObjectModel+LXExtension.h */,
				2DF2B86E1C78463600F19FC6 /* NSManagedObjectModel+LXExtension.m */,
				2DF2B86F1C78463600F19FC6 /* NSNotificationCenter+LXExtension.h */,
				2DF2B8701C78463600F19FC6 /* NSNotificationCenter+LXExtension.m */,
				2DF2B8711C78463600F19FC6 /* NSObject+LXExtension.h */,
				2DF2B8721C78463600F19FC6 /* NSObject+LXExtension.m */,
				2DF2B8731C78463600F19FC6 /* NSString+LXExtension.h */,
				2DF2B8741C78463600F19FC6 /* NSString+LXExtension.m */,
				2DF2B8751C78463600F19FC6 /* Swift */,
			);
			path = "Foundation+LXExtension";
			sourceTree = "<group>";
		};
		2DF2B85E1C78463600F19FC6 /* LXIntrospection */ = {
			isa = PBXGroup;
			children = (
				2DF2B85F1C78463600F19FC6 /* NSObject+LXIntrospection.h */,
				2DF2B8601C78463600F19FC6 /* NSObject+LXIntrospection.m */,
			);
			path = LXIntrospection;
			sourceTree = "<group>";
		};
		2DF2B8751C78463600F19FC6 /* Swift */ = {
			isa = PBXGroup;
			children = (
				2DF2B8761C78463600F19FC6 /* GCD+LXExtension.swift */,
			);
			path = Swift;
			sourceTree = "<group>";
		};
		2DF2B8771C78463600F19FC6 /* MBProgressHUD+LXExtension */ = {
			isa = PBXGroup;
			children = (
				2DF2B8781C78463600F19FC6 /* MBProgressHUD+LXExtension.h */,
				2DF2B8791C78463600F19FC6 /* MBProgressHUD+LXExtension.m */,
				2DF2B87A1C78463600F19FC6 /* MBProgressHUD.bundle */,
			);
			path = "MBProgressHUD+LXExtension";
			sourceTree = "<group>";
		};
		2DF2B87B1C78463600F19FC6 /* UIKit+LXExtension */ = {
			isa = PBXGroup;
			children = (
				2DF2B87C1C78463600F19FC6 /* CALayer+LXExtension.h */,
				2DF2B87D1C78463600F19FC6 /* CALayer+LXExtension.m */,
				2DF2B87E1C78463600F19FC6 /* CATransaction+LXExtension.h */,
				2DF2B87F1C78463600F19FC6 /* CATransaction+LXExtension.m */,
				2DF2B8801C78463600F19FC6 /* CGAffineTransform+LXExtension.h */,
				2DF2B8811C78463600F19FC6 /* CGGeometry+LXExtension.h */,
				2DF2B8821C78463600F19FC6 /* MKGeometry+LXExtension.h */,
				2DF2B8831C78463600F19FC6 /* Swift */,
				2DF2B88B1C78463600F19FC6 /* UIApplication+LXExtension.h */,
				2DF2B88C1C78463600F19FC6 /* UIApplication+LXExtension.m */,
				2DF2B88D1C78463600F19FC6 /* UIBezierPath+LXExtension.h */,
				2DF2B88E1C78463600F19FC6 /* UIBezierPath+LXExtension.m */,
				2DF2B88F1C78463600F19FC6 /* UIButton+LXExtension.h */,
				2DF2B8901C78463600F19FC6 /* UIButton+LXExtension.m */,
				2DF2B8911C78463600F19FC6 /* UIColor+LXExtension.h */,
				2DF2B8921C78463600F19FC6 /* UIColor+LXExtension.m */,
				2DF2B8931C78463600F19FC6 /* UIDevice+LXExtension.h */,
				2DF2B8941C78463600F19FC6 /* UIDevice+LXExtension.m */,
				2DF2B8951C78463600F19FC6 /* UIImage+LXExtension.h */,
				2DF2B8961C78463600F19FC6 /* UIImage+LXExtension.m */,
				2DF2B8971C78463600F19FC6 /* UIScreen+LXExtension.h */,
				2DF2B8981C78463600F19FC6 /* UIScreen+LXExtension.m */,
				2DF2B8991C78463600F19FC6 /* UITextField+LXExtension.h */,
				2DF2B89A1C78463600F19FC6 /* UITextField+LXExtension.m */,
				2DF2B89B1C78463600F19FC6 /* UITextView+LXExtension.h */,
				2DF2B89C1C78463600F19FC6 /* UITextView+LXExtension.m */,
				2DF2B89D1C78463600F19FC6 /* UIView+LXExtension.h */,
				2DF2B89E1C78463600F19FC6 /* UIView+LXExtension.m */,
				2DF2B89F1C78463600F19FC6 /* UIViewController+LXExtension.h */,
				2DF2B8A01C78463600F19FC6 /* UIViewController+LXExtension.m */,
				2DF2B8A11C78463600F19FC6 /* UIWindow+LXExtension.h */,
				2DF2B8A21C78463600F19FC6 /* UIWindow+LXExtension.m */,
			);
			path = "UIKit+LXExtension";
			sourceTree = "<group>";
		};
		2DF2B8831C78463600F19FC6 /* Swift */ = {
			isa = PBXGroup;
			children = (
				2DF2B8841C78463600F19FC6 /* CAAnimation+LXExtension.swift */,
				2DF2B8851C78463600F19FC6 /* CALayer+LXExtension.swift */,
				2DF2B8861C78463600F19FC6 /* CATransaction+LXExtension.swift */,
				2DF2B8871C78463600F19FC6 /* CATransform3D+LXExtension.swift */,
				2DF2B8881C78463600F19FC6 /* CGAffineTransform+LXExtension.swift */,
				2DF2B8891C78463600F19FC6 /* CGGeometry+LXExtension.swift */,
				2DF2B88A1C78463600F19FC6 /* UIView+LXExtension.swift */,
			);
			path = Swift;
			sourceTree = "<group>";
		};
		2DF2B8A31C78463600F19FC6 /* LXOther */ = {
			isa = PBXGroup;
			children = (
				2DF2B8A41C78463600F19FC6 /* LXCoreDataController.h */,
				2DF2B8A51C78463600F19FC6 /* LXCoreDataController.m */,
				2DF2B8A61C78463600F19FC6 /* LXDynamicTypeManager.h */,
				2DF2B8A71C78463600F19FC6 /* LXDynamicTypeManager.m */,
				2DF2B8A81C78463600F19FC6 /* LXImagePicker.h */,
				2DF2B8A91C78463600F19FC6 /* LXImagePicker.m */,
				2DF2B8AA1C78463600F19FC6 /* LXKeyboardSpacingView.h */,
				2DF2B8AB1C78463600F19FC6 /* LXKeyboardSpacingView.m */,
				2DF2B8AC1C78463600F19FC6 /* LXMacro.h */,
				2DF2B8AD1C78463600F19FC6 /* LXMigrationManager.h */,
				2DF2B8AE1C78463600F19FC6 /* LXMigrationManager.m */,
				2DF2B8AF1C78463600F19FC6 /* LXMulticastDelegate.h */,
				2DF2B8B01C78463600F19FC6 /* LXMulticastDelegate.m */,
				2DF2B8B11C78463600F19FC6 /* LXTimer.h */,
				2DF2B8B21C78463600F19FC6 /* LXTimer.m */,
				2DF2B8B31C78463600F19FC6 /* LXWeakWrapper.h */,
				2DF2B8B41C78463600F19FC6 /* LXWeakWrapper.m */,
			);
			path = LXOther;
			sourceTree = "<group>";
		};
		2DF2B8B51C78463600F19FC6 /* LXUtilities */ = {
			isa = PBXGroup;
			children = (
				2DF2B8B61C78463600F19FC6 /* LXRuntimeUtilities.h */,
				2DF2B8B71C78463600F19FC6 /* LXRuntimeUtilities.m */,
				2DF2B8B81C78463600F19FC6 /* LXUtilities.swift */,
			);
			path = LXUtilities;
			sourceTree = "<group>";
		};
/* End PBXGroup section */

/* Begin PBXNativeTarget section */
		2DF2B8251C7842C000F19FC6 /* YZPullDownMenu_Demo */ = {
			isa = PBXNativeTarget;
			buildConfigurationList = 2DF2B83D1C7842C100F19FC6 /* Build configuration list for PBXNativeTarget "YZPullDownMenu_Demo" */;
			buildPhases = (
				2DF2B8221C7842C000F19FC6 /* Sources */,
				2DF2B8231C7842C000F19FC6 /* Frameworks */,
				2DF2B8241C7842C000F19FC6 /* Resources */,
			);
			buildRules = (
			);
			dependencies = (
			);
			name = YZPullDownMenu_Demo;
			productName = YZPullDownMenu_Demo;
			productReference = 2DF2B8261C7842C000F19FC6 /* YZPullDownMenu_Demo.app */;
			productType = "com.apple.product-type.application";
		};
/* End PBXNativeTarget section */

/* Begin PBXProject section */
		2DF2B81E1C7842C000F19FC6 /* Project object */ = {
			isa = PBXProject;
			attributes = {
				LastUpgradeCheck = 0720;
				ORGANIZATIONNAME = "从今以后";
				TargetAttributes = {
					2DF2B8251C7842C000F19FC6 = {
						CreatedOnToolsVersion = 7.2.1;
					};
				};
			};
			buildConfigurationList = 2DF2B8211C7842C000F19FC6 /* Build configuration list for PBXProject "YZPullDownMenu_Demo" */;
			compatibilityVersion = "Xcode 3.2";
			developmentRegion = English;
			hasScannedForEncodings = 0;
			knownRegions = (
				en,
				Base,
			);
			mainGroup = 2DF2B81D1C7842C000F19FC6;
			productRefGroup = 2DF2B8271C7842C000F19FC6 /* Products */;
			projectDirPath = "";
			projectRoot = "";
			targets = (
				2DF2B8251C7842C000F19FC6 /* YZPullDownMenu_Demo */,
			);
		};
/* End PBXProject section */

/* Begin PBXResourcesBuildPhase section */
		2DF2B8241C7842C000F19FC6 /* Resources */ = {
			isa = PBXResourcesBuildPhase;
			buildActionMask = 2147483647;
			files = (
				2DF2B8EC1C78B31900F19FC6 /* data.plist in Resources */,
				2DF2B84D1C78431E00F19FC6 /* YZPullDownMenu.xib in Resources */,
				2DF2B8391C7842C100F19FC6 /* LaunchScreen.storyboard in Resources */,
				2DF2B8C81C78463600F19FC6 /* MBProgressHUD.bundle in Resources */,
				2DF2B8361C7842C100F19FC6 /* Assets.xcassets in Resources */,
				2DF2B8341C7842C100F19FC6 /* Main.storyboard in Resources */,
			);
			runOnlyForDeploymentPostprocessing = 0;
		};
/* End PBXResourcesBuildPhase section */

/* Begin PBXSourcesBuildPhase section */
		2DF2B8221C7842C000F19FC6 /* Sources */ = {
			isa = PBXSourcesBuildPhase;
			buildActionMask = 2147483647;
			files = (
				2DF2B8E41C78463600F19FC6 /* LXTimer.m in Sources */,
				2DF2B8DA1C78463600F19FC6 /* UITextView+LXExtension.m in Sources */,
				2DF2B8CC1C78463600F19FC6 /* CALayer+LXExtension.swift in Sources */,
				2DF2B84C1C78431E00F19FC6 /* YZPullDownMenu.m in Sources */,
				2DF2B8C91C78463600F19FC6 /* CALayer+LXExtension.m in Sources */,
				2DF2B8D91C78463600F19FC6 /* UITextField+LXExtension.m in Sources */,
				2DF2B8C11C78463600F19FC6 /* NSFileManager+LXExtension.m in Sources */,
				2DF2B8BE1C78463600F19FC6 /* NSBundle+LXExtension.m in Sources */,
				2DF2B8E11C78463600F19FC6 /* LXKeyboardSpacingView.m in Sources */,
				2DF2B8C21C78463600F19FC6 /* NSManagedObjectModel+LXExtension.m in Sources */,
				2DF2B8DF1C78463600F19FC6 /* LXDynamicTypeManager.m in Sources */,
				2DF2B8CB1C78463600F19FC6 /* CAAnimation+LXExtension.swift in Sources */,
				2DF2B8E51C78463600F19FC6 /* LXWeakWrapper.m in Sources */,
				2DF2B8C51C78463600F19FC6 /* NSString+LXExtension.m in Sources */,
				2DF2B8E31C78463600F19FC6 /* LXMulticastDelegate.m in Sources */,
				2DF2B8581C78462C00F19FC6 /* XXNibConvention.m in Sources */,
				2DF2B8311C7842C100F19FC6 /* ViewController.m in Sources */,
				2DF2B8E61C78463600F19FC6 /* LXRuntimeUtilities.m in Sources */,
				2DF2B8CA1C78463600F19FC6 /* CATransaction+LXExtension.m in Sources */,
				2DF2B8D31C78463600F19FC6 /* UIBezierPath+LXExtension.m in Sources */,
				2DF2B8571C78462C00F19FC6 /* XXNibBridge.m in Sources */,
				2DF2B8BB1C78463600F19FC6 /* NSObject+LXIntrospection.m in Sources */,
				2DF2B8E21C78463600F19FC6 /* LXMigrationManager.m in Sources */,
				2DF2B8CD1C78463600F19FC6 /* CATransaction+LXExtension.swift in Sources */,
				2DF2B8D21C78463600F19FC6 /* UIApplication+LXExtension.m in Sources */,
				2DF2B8D11C78463600F19FC6 /* UIView+LXExtension.swift in Sources */,
				2DF2B8DE1C78463600F19FC6 /* LXCoreDataController.m in Sources */,
				2DF2B8E71C78463600F19FC6 /* LXUtilities.swift in Sources */,
				2DF2B8DC1C78463600F19FC6 /* UIViewController+LXExtension.m in Sources */,
				2DF2B8CE1C78463600F19FC6 /* CATransform3D+LXExtension.swift in Sources */,
				2DF2B8C31C78463600F19FC6 /* NSNotificationCenter+LXExtension.m in Sources */,
				2DF2B8D51C78463600F19FC6 /* UIColor+LXExtension.m in Sources */,
				2DF2B82E1C7842C100F19FC6 /* AppDelegate.m in Sources */,
				2DF2B8D71C78463600F19FC6 /* UIImage+LXExtension.m in Sources */,
				2DF2B8C01C78463600F19FC6 /* NSDictionary+LXExtension.m in Sources */,
				2DF2B8E01C78463600F19FC6 /* LXImagePicker.m in Sources */,
				2DF2B8D61C78463600F19FC6 /* UIDevice+LXExtension.m in Sources */,
				2DF2B8D81C78463600F19FC6 /* UIScreen+LXExtension.m in Sources */,
				2DF2B8BF1C78463600F19FC6 /* NSDate+LXExtension.m in Sources */,
				2DF2B8C61C78463600F19FC6 /* GCD+LXExtension.swift in Sources */,
				2DF2B82B1C7842C100F19FC6 /* main.m in Sources */,
				2DF2B8D01C78463600F19FC6 /* CGGeometry+LXExtension.swift in Sources */,
				2DF2B8BD1C78463600F19FC6 /* NSAttributedString+LXExtension.m in Sources */,
				2DF2B8C41C78463600F19FC6 /* NSObject+LXExtension.m in Sources */,
				2DF2B8CF1C78463600F19FC6 /* CGAffineTransform+LXExtension.swift in Sources */,
				2DF2B8BA1C78463600F19FC6 /* GCD+LXExtension.m in Sources */,
				2DF2B8DD1C78463600F19FC6 /* UIWindow+LXExtension.m in Sources */,
				2DF2B8DB1C78463600F19FC6 /* UIView+LXExtension.m in Sources */,
				2DF2B8BC1C78463600F19FC6 /* NSArray+LXExtension.m in Sources */,
				2DF2B8D41C78463600F19FC6 /* UIButton+LXExtension.m in Sources */,
			);
			runOnlyForDeploymentPostprocessing = 0;
		};
/* End PBXSourcesBuildPhase section */

/* Begin PBXVariantGroup section */
		2DF2B8321C7842C100F19FC6 /* Main.storyboard */ = {
			isa = PBXVariantGroup;
			children = (
				2DF2B8331C7842C100F19FC6 /* Base */,
			);
			name = Main.storyboard;
			sourceTree = "<group>";
		};
		2DF2B8371C7842C100F19FC6 /* LaunchScreen.storyboard */ = {
			isa = PBXVariantGroup;
			children = (
				2DF2B8381C7842C100F19FC6 /* Base */,
			);
			name = LaunchScreen.storyboard;
			sourceTree = "<group>";
		};
/* End PBXVariantGroup section */

/* Begin XCBuildConfiguration section */
		2DF2B83B1C7842C100F19FC6 /* Debug */ = {
			isa = XCBuildConfiguration;
			buildSettings = {
				ALWAYS_SEARCH_USER_PATHS = NO;
				CLANG_CXX_LANGUAGE_STANDARD = "gnu++0x";
				CLANG_CXX_LIBRARY = "libc++";
				CLANG_ENABLE_MODULES = YES;
				CLANG_ENABLE_OBJC_ARC = YES;
				CLANG_WARN_BOOL_CONVERSION = YES;
				CLANG_WARN_CONSTANT_CONVERSION = YES;
				CLANG_WARN_DIRECT_OBJC_ISA_USAGE = YES_ERROR;
				CLANG_WARN_EMPTY_BODY = YES;
				CLANG_WARN_ENUM_CONVERSION = YES;
				CLANG_WARN_INT_CONVERSION = YES;
				CLANG_WARN_OBJC_ROOT_CLASS = YES_ERROR;
				CLANG_WARN_UNREACHABLE_CODE = YES;
				CLANG_WARN__DUPLICATE_METHOD_MATCH = YES;
				"CODE_SIGN_IDENTITY[sdk=iphoneos*]" = "iPhone Developer";
				COPY_PHASE_STRIP = NO;
				DEBUG_INFORMATION_FORMAT = dwarf;
				ENABLE_STRICT_OBJC_MSGSEND = YES;
				ENABLE_TESTABILITY = YES;
				GCC_C_LANGUAGE_STANDARD = gnu99;
				GCC_DYNAMIC_NO_PIC = NO;
				GCC_NO_COMMON_BLOCKS = YES;
				GCC_OPTIMIZATION_LEVEL = 0;
				GCC_PREPROCESSOR_DEFINITIONS = (
					"DEBUG=1",
					"$(inherited)",
				);
				GCC_WARN_64_TO_32_BIT_CONVERSION = YES;
				GCC_WARN_ABOUT_RETURN_TYPE = YES_ERROR;
				GCC_WARN_UNDECLARED_SELECTOR = YES;
				GCC_WARN_UNINITIALIZED_AUTOS = YES_AGGRESSIVE;
				GCC_WARN_UNUSED_FUNCTION = YES;
				GCC_WARN_UNUSED_VARIABLE = YES;
				IPHONEOS_DEPLOYMENT_TARGET = 9.2;
				MTL_ENABLE_DEBUG_INFO = YES;
				ONLY_ACTIVE_ARCH = YES;
				SDKROOT = iphoneos;
				TARGETED_DEVICE_FAMILY = "1,2";
			};
			name = Debug;
		};
		2DF2B83C1C7842C100F19FC6 /* Release */ = {
			isa = XCBuildConfiguration;
			buildSettings = {
				ALWAYS_SEARCH_USER_PATHS = NO;
				CLANG_CXX_LANGUAGE_STANDARD = "gnu++0x";
				CLANG_CXX_LIBRARY = "libc++";
				CLANG_ENABLE_MODULES = YES;
				CLANG_ENABLE_OBJC_ARC = YES;
				CLANG_WARN_BOOL_CONVERSION = YES;
				CLANG_WARN_CONSTANT_CONVERSION = YES;
				CLANG_WARN_DIRECT_OBJC_ISA_USAGE = YES_ERROR;
				CLANG_WARN_EMPTY_BODY = YES;
				CLANG_WARN_ENUM_CONVERSION = YES;
				CLANG_WARN_INT_CONVERSION = YES;
				CLANG_WARN_OBJC_ROOT_CLASS = YES_ERROR;
				CLANG_WARN_UNREACHABLE_CODE = YES;
				CLANG_WARN__DUPLICATE_METHOD_MATCH = YES;
				"CODE_SIGN_IDENTITY[sdk=iphoneos*]" = "iPhone Developer";
				COPY_PHASE_STRIP = NO;
				DEBUG_INFORMATION_FORMAT = "dwarf-with-dsym";
				ENABLE_NS_ASSERTIONS = NO;
				ENABLE_STRICT_OBJC_MSGSEND = YES;
				GCC_C_LANGUAGE_STANDARD = gnu99;
				GCC_NO_COMMON_BLOCKS = YES;
				GCC_WARN_64_TO_32_BIT_CONVERSION = YES;
				GCC_WARN_ABOUT_RETURN_TYPE = YES_ERROR;
				GCC_WARN_UNDECLARED_SELECTOR = YES;
				GCC_WARN_UNINITIALIZED_AUTOS = YES_AGGRESSIVE;
				GCC_WARN_UNUSED_FUNCTION = YES;
				GCC_WARN_UNUSED_VARIABLE = YES;
				IPHONEOS_DEPLOYMENT_TARGET = 9.2;
				MTL_ENABLE_DEBUG_INFO = NO;
				SDKROOT = iphoneos;
				TARGETED_DEVICE_FAMILY = "1,2";
				VALIDATE_PRODUCT = YES;
			};
			name = Release;
		};
		2DF2B83E1C7842C100F19FC6 /* Debug */ = {
			isa = XCBuildConfiguration;
			buildSettings = {
				INFOPLIST_FILE = YZPullDownMenu_Demo/Info.plist;
				IPHONEOS_DEPLOYMENT_TARGET = 7.0;
				LD_RUNPATH_SEARCH_PATHS = "$(inherited) @executable_path/Frameworks";
				PRODUCT_BUNDLE_IDENTIFIER = "com.cjyh.YZPullDownMenu-Demo";
				PRODUCT_NAME = "$(TARGET_NAME)";
			};
			name = Debug;
		};
		2DF2B83F1C7842C100F19FC6 /* Release */ = {
			isa = XCBuildConfiguration;
			buildSettings = {
				INFOPLIST_FILE = YZPullDownMenu_Demo/Info.plist;
				IPHONEOS_DEPLOYMENT_TARGET = 7.0;
				LD_RUNPATH_SEARCH_PATHS = "$(inherited) @executable_path/Frameworks";
				PRODUCT_BUNDLE_IDENTIFIER = "com.cjyh.YZPullDownMenu-Demo";
				PRODUCT_NAME = "$(TARGET_NAME)";
			};
			name = Release;
		};
/* End XCBuildConfiguration section */

/* Begin XCConfigurationList section */
		2DF2B8211C7842C000F19FC6 /* Build configuration list for PBXProject "YZPullDownMenu_Demo" */ = {
			isa = XCConfigurationList;
			buildConfigurations = (
				2DF2B83B1C7842C100F19FC6 /* Debug */,
				2DF2B83C1C7842C100F19FC6 /* Release */,
			);
			defaultConfigurationIsVisible = 0;
			defaultConfigurationName = Release;
		};
		2DF2B83D1C7842C100F19FC6 /* Build configuration list for PBXNativeTarget "YZPullDownMenu_Demo" */ = {
			isa = XCConfigurationList;
			buildConfigurations = (
				2DF2B83E1C7842C100F19FC6 /* Debug */,
				2DF2B83F1C7842C100F19FC6 /* Release */,
			);
			defaultConfigurationIsVisible = 0;
			defaultConfigurationName = Release;
		};
/* End XCConfigurationList section */
	};
	rootObject = 2DF2B81E1C7842C000F19FC6 /* Project object */;
}
